
Microsoft Visual Studio Solution File, Format Version 12.00
# Visual Studio Version 17
VisualStudioVersion = 17.9.34902.65
MinimumVisualStudioVersion = 10.0.40219.1
Project("{FAE04EC0-301F-11D3-BF4B-00C04F79EFBC}") = "SingleTon_DesignPattern", "SingleTon_DesignPattern.csproj", "{7753FE1F-45A6-490B-9501-5BE9015A6E52}"
EndProject
Global
	GlobalSection(SolutionConfigurationPlatforms) = preSolution
		Debug|Any CPU = Debug|Any CPU
		Release|Any CPU = Release|Any CPU
	EndGlobalSection
	GlobalSection(ProjectConfigurationPlatforms) = postSolution
		{7753FE1F-45A6-490B-9501-5BE9015A6E52}.Debug|Any CPU.ActiveCfg = Debug|Any CPU
		{7753FE1F-45A6-490B-9501-5BE9015A6E52}.Debug|Any CPU.Build.0 = Debug|Any CPU
		{7753FE1F-45A6-490B-9501-5BE9015A6E52}.Release|Any CPU.ActiveCfg = Release|Any CPU
		{7753FE1F-45A6-490B-9501-5BE9015A6E52}.Release|Any CPU.Build.0 = Release|Any CPU
	EndGlobalSection
	GlobalSection(SolutionProperties) = preSolution
		HideSolutionNode = FALSE
	EndGlobalSection
	GlobalSection(ExtensibilityGlobals) = postSolution
		SolutionGuid = {8C442354-8F18-49E5-953B-D6FE09D8D1F8}
	EndGlobalSection
EndGlobal
